
Microsoft Visual Studio Solution File, Format Version 12.00
# Visual Studio 15
VisualStudioVersion = 15.0.26124.0
MinimumVisualStudioVersion = 15.0.26124.0
Project("{FAE04EC0-301F-11D3-BF4B-00C04F79EFBC}") = "Gateway", "Gateway\Gateway.csproj", "{2DD3C5A4-B279-4A95-89EA-854B2A0C68A3}"
EndProject
Project("{2150E333-8FDC-42A3-9474-1A3956D46DE8}") = "Services", "Services", "{C195AFDB-A2C7-4C8F-A07B-61145E8BEB62}"
EndProject
Project("{FAE04EC0-301F-11D3-BF4B-00C04F79EFBC}") = "CalcularJuros", "Services\CalcularJuros\CalcularJuros.csproj", "{975FA4D0-6C09-4CDD-B825-F4F26E1082E4}"
EndProject
Project("{FAE04EC0-301F-11D3-BF4B-00C04F79EFBC}") = "RetornarJuros", "Services\RetornarJuros\RetornarJuros.csproj", "{142CBD6A-A220-4C95-97D3-D5DAD7FD698B}"
EndProject
Project("{2150E333-8FDC-42A3-9474-1A3956D46DE8}") = "Testes", "Testes", "{FF635C3D-76AB-4A8F-8018-960FDC076B8B}"
EndProject
Project("{FAE04EC0-301F-11D3-BF4B-00C04F79EFBC}") = "CalcularJuros.Testes", "Testes\CalcularJuros.Testes\CalcularJuros.Testes.csproj", "{8CD98494-F92C-4E0A-8AFB-1053AB1DE194}"
EndProject
Project("{FAE04EC0-301F-11D3-BF4B-00C04F79EFBC}") = "RetornarJuros.Testes", "Testes\RetornarJuros.Testes\RetornarJuros.Testes.csproj", "{D2ABE3B2-B991-4274-8B91-FFDA250BC60B}"
EndProject
Global
	GlobalSection(SolutionConfigurationPlatforms) = preSolution
		Debug|Any CPU = Debug|Any CPU
		Debug|x64 = Debug|x64
		Debug|x86 = Debug|x86
		Release|Any CPU = Release|Any CPU
		Release|x64 = Release|x64
		Release|x86 = Release|x86
	EndGlobalSection
	GlobalSection(SolutionProperties) = preSolution
		HideSolutionNode = FALSE
	EndGlobalSection
	GlobalSection(ProjectConfigurationPlatforms) = postSolution
		{2DD3C5A4-B279-4A95-89EA-854B2A0C68A3}.Debug|Any CPU.ActiveCfg = Debug|Any CPU
		{2DD3C5A4-B279-4A95-89EA-854B2A0C68A3}.Debug|Any CPU.Build.0 = Debug|Any CPU
		{2DD3C5A4-B279-4A95-89EA-854B2A0C68A3}.Debug|x64.ActiveCfg = Debug|Any CPU
		{2DD3C5A4-B279-4A95-89EA-854B2A0C68A3}.Debug|x64.Build.0 = Debug|Any CPU
		{2DD3C5A4-B279-4A95-89EA-854B2A0C68A3}.Debug|x86.ActiveCfg = Debug|Any CPU
		{2DD3C5A4-B279-4A95-89EA-854B2A0C68A3}.Debug|x86.Build.0 = Debug|Any CPU
		{2DD3C5A4-B279-4A95-89EA-854B2A0C68A3}.Release|Any CPU.ActiveCfg = Release|Any CPU
		{2DD3C5A4-B279-4A95-89EA-854B2A0C68A3}.Release|Any CPU.Build.0 = Release|Any CPU
		{2DD3C5A4-B279-4A95-89EA-854B2A0C68A3}.Release|x64.ActiveCfg = Release|Any CPU
		{2DD3C5A4-B279-4A95-89EA-854B2A0C68A3}.Release|x64.Build.0 = Release|Any CPU
		{2DD3C5A4-B279-4A95-89EA-854B2A0C68A3}.Release|x86.ActiveCfg = Release|Any CPU
		{2DD3C5A4-B279-4A95-89EA-854B2A0C68A3}.Release|x86.Build.0 = Release|Any CPU
		{975FA4D0-6C09-4CDD-B825-F4F26E1082E4}.Debug|Any CPU.ActiveCfg = Debug|Any CPU
		{975FA4D0-6C09-4CDD-B825-F4F26E1082E4}.Debug|Any CPU.Build.0 = Debug|Any CPU
		{975FA4D0-6C09-4CDD-B825-F4F26E1082E4}.Debug|x64.ActiveCfg = Debug|Any CPU
		{975FA4D0-6C09-4CDD-B825-F4F26E1082E4}.Debug|x64.Build.0 = Debug|Any CPU
		{975FA4D0-6C09-4CDD-B825-F4F26E1082E4}.Debug|x86.ActiveCfg = Debug|Any CPU
		{975FA4D0-6C09-4CDD-B825-F4F26E1082E4}.Debug|x86.Build.0 = Debug|Any CPU
		{975FA4D0-6C09-4CDD-B825-F4F26E1082E4}.Release|Any CPU.ActiveCfg = Release|Any CPU
		{975FA4D0-6C09-4CDD-B825-F4F26E1082E4}.Release|Any CPU.Build.0 = Release|Any CPU
		{975FA4D0-6C09-4CDD-B825-F4F26E1082E4}.Release|x64.ActiveCfg = Release|Any CPU
		{975FA4D0-6C09-4CDD-B825-F4F26E1082E4}.Release|x64.Build.0 = Release|Any CPU
		{975FA4D0-6C09-4CDD-B825-F4F26E1082E4}.Release|x86.ActiveCfg = Release|Any CPU
		{975FA4D0-6C09-4CDD-B825-F4F26E1082E4}.Release|x86.Build.0 = Release|Any CPU
		{142CBD6A-A220-4C95-97D3-D5DAD7FD698B}.Debug|Any CPU.ActiveCfg = Debug|Any CPU
		{142CBD6A-A220-4C95-97D3-D5DAD7FD698B}.Debug|Any CPU.Build.0 = Debug|Any CPU
		{142CBD6A-A220-4C95-97D3-D5DAD7FD698B}.Debug|x64.ActiveCfg = Debug|Any CPU
		{142CBD6A-A220-4C95-97D3-D5DAD7FD698B}.Debug|x64.Build.0 = Debug|Any CPU
		{142CBD6A-A220-4C95-97D3-D5DAD7FD698B}.Debug|x86.ActiveCfg = Debug|Any CPU
		{142CBD6A-A220-4C95-97D3-D5DAD7FD698B}.Debug|x86.Build.0 = Debug|Any CPU
		{142CBD6A-A220-4C95-97D3-D5DAD7FD698B}.Release|Any CPU.ActiveCfg = Release|Any CPU
		{142CBD6A-A220-4C95-97D3-D5DAD7FD698B}.Release|Any CPU.Build.0 = Release|Any CPU
		{142CBD6A-A220-4C95-97D3-D5DAD7FD698B}.Release|x64.ActiveCfg = Release|Any CPU
		{142CBD6A-A220-4C95-97D3-D5DAD7FD698B}.Release|x64.Build.0 = Release|Any CPU
		{142CBD6A-A220-4C95-97D3-D5DAD7FD698B}.Release|x86.ActiveCfg = Release|Any CPU
		{142CBD6A-A220-4C95-97D3-D5DAD7FD698B}.Release|x86.Build.0 = Release|Any CPU
		{8CD98494-F92C-4E0A-8AFB-1053AB1DE194}.Debug|Any CPU.ActiveCfg = Debug|Any CPU
		{8CD98494-F92C-4E0A-8AFB-1053AB1DE194}.Debug|Any CPU.Build.0 = Debug|Any CPU
		{8CD98494-F92C-4E0A-8AFB-1053AB1DE194}.Debug|x64.ActiveCfg = Debug|Any CPU
		{8CD98494-F92C-4E0A-8AFB-1053AB1DE194}.Debug|x64.Build.0 = Debug|Any CPU
		{8CD98494-F92C-4E0A-8AFB-1053AB1DE194}.Debug|x86.ActiveCfg = Debug|Any CPU
		{8CD98494-F92C-4E0A-8AFB-1053AB1DE194}.Debug|x86.Build.0 = Debug|Any CPU
		{8CD98494-F92C-4E0A-8AFB-1053AB1DE194}.Release|Any CPU.ActiveCfg = Release|Any CPU
		{8CD98494-F92C-4E0A-8AFB-1053AB1DE194}.Release|Any CPU.Build.0 = Release|Any CPU
		{8CD98494-F92C-4E0A-8AFB-1053AB1DE194}.Release|x64.ActiveCfg = Release|Any CPU
		{8CD98494-F92C-4E0A-8AFB-1053AB1DE194}.Release|x64.Build.0 = Release|Any CPU
		{8CD98494-F92C-4E0A-8AFB-1053AB1DE194}.Release|x86.ActiveCfg = Release|Any CPU
		{8CD98494-F92C-4E0A-8AFB-1053AB1DE194}.Release|x86.Build.0 = Release|Any CPU
		{D2ABE3B2-B991-4274-8B91-FFDA250BC60B}.Debug|Any CPU.ActiveCfg = Debug|Any CPU
		{D2ABE3B2-B991-4274-8B91-FFDA250BC60B}.Debug|Any CPU.Build.0 = Debug|Any CPU
		{D2ABE3B2-B991-4274-8B91-FFDA250BC60B}.Debug|x64.ActiveCfg = Debug|Any CPU
		{D2ABE3B2-B991-4274-8B91-FFDA250BC60B}.Debug|x64.Build.0 = Debug|Any CPU
		{D2ABE3B2-B991-4274-8B91-FFDA250BC60B}.Debug|x86.ActiveCfg = Debug|Any CPU
		{D2ABE3B2-B991-4274-8B91-FFDA250BC60B}.Debug|x86.Build.0 = Debug|Any CPU
		{D2ABE3B2-B991-4274-8B91-FFDA250BC60B}.Release|Any CPU.ActiveCfg = Release|Any CPU
		{D2ABE3B2-B991-4274-8B91-FFDA250BC60B}.Release|Any CPU.Build.0 = Release|Any CPU
		{D2ABE3B2-B991-4274-8B91-FFDA250BC60B}.Release|x64.ActiveCfg = Release|Any CPU
		{D2ABE3B2-B991-4274-8B91-FFDA250BC60B}.Release|x64.Build.0 = Release|Any CPU
		{D2ABE3B2-B991-4274-8B91-FFDA250BC60B}.Release|x86.ActiveCfg = Release|Any CPU
		{D2ABE3B2-B991-4274-8B91-FFDA250BC60B}.Release|x86.Build.0 = Release|Any CPU
	EndGlobalSection
	GlobalSection(NestedProjects) = preSolution
		{975FA4D0-6C09-4CDD-B825-F4F26E1082E4} = {C195AFDB-A2C7-4C8F-A07B-61145E8BEB62}
		{142CBD6A-A220-4C95-97D3-D5DAD7FD698B} = {C195AFDB-A2C7-4C8F-A07B-61145E8BEB62}
		{8CD98494-F92C-4E0A-8AFB-1053AB1DE194} = {FF635C3D-76AB-4A8F-8018-960FDC076B8B}
		{D2ABE3B2-B991-4274-8B91-FFDA250BC60B} = {FF635C3D-76AB-4A8F-8018-960FDC076B8B}
	EndGlobalSection
EndGlobal
