
Microsoft Visual Studio Solution File, Format Version 12.00
# Visual Studio 15
VisualStudioVersion = 15.0.26124.0
MinimumVisualStudioVersion = 15.0.26124.0
Project("{FAE04EC0-301F-11D3-BF4B-00C04F79EFBC}") = "Gateway", "Gateway\Gateway.csproj", "{DE26DF1E-9B61-4C96-8C25-31EAF5BE6498}"
EndProject
Project("{2150E333-8FDC-42A3-9474-1A3956D46DE8}") = "Microservices", "Microservices", "{9B5FBB3B-08C8-4032-BE39-559846AB4EF5}"
EndProject
Project("{FAE04EC0-301F-11D3-BF4B-00C04F79EFBC}") = "CalcularJuros", "Microservices\CalcularJuros\CalcularJuros.csproj", "{0BD7DA1F-8471-4E96-A9C7-134CE2A33A67}"
EndProject
Project("{FAE04EC0-301F-11D3-BF4B-00C04F79EFBC}") = "TaxaJuros", "Microservices\TaxaJuros\TaxaJuros.csproj", "{32EBC60B-5612-4AB8-8714-398EB8017AED}"
EndProject
Project("{2150E333-8FDC-42A3-9474-1A3956D46DE8}") = "Testes", "Testes", "{C70715D8-472F-4234-ACE4-F607B47484E1}"
EndProject
Project("{FAE04EC0-301F-11D3-BF4B-00C04F79EFBC}") = "CalcularJuros.Testes", "Testes\CalcularJuros.Testes\CalcularJuros.Testes.csproj", "{B19173A4-3F2B-4F58-B11D-4094120DCD00}"
EndProject
Project("{FAE04EC0-301F-11D3-BF4B-00C04F79EFBC}") = "TaxaJuros.Testes", "Testes\TaxaJuros.Testes\TaxaJuros.Testes.csproj", "{2E45BE7B-7839-4433-83CD-87C45227364D}"
EndProject
Global
	GlobalSection(SolutionConfigurationPlatforms) = preSolution
		Debug|Any CPU = Debug|Any CPU
		Debug|x64 = Debug|x64
		Debug|x86 = Debug|x86
		Release|Any CPU = Release|Any CPU
		Release|x64 = Release|x64
		Release|x86 = Release|x86
	EndGlobalSection
	GlobalSection(SolutionProperties) = preSolution
		HideSolutionNode = FALSE
	EndGlobalSection
	GlobalSection(ProjectConfigurationPlatforms) = postSolution
		{DE26DF1E-9B61-4C96-8C25-31EAF5BE6498}.Debug|Any CPU.ActiveCfg = Debug|Any CPU
		{DE26DF1E-9B61-4C96-8C25-31EAF5BE6498}.Debug|Any CPU.Build.0 = Debug|Any CPU
		{DE26DF1E-9B61-4C96-8C25-31EAF5BE6498}.Debug|x64.ActiveCfg = Debug|Any CPU
		{DE26DF1E-9B61-4C96-8C25-31EAF5BE6498}.Debug|x64.Build.0 = Debug|Any CPU
		{DE26DF1E-9B61-4C96-8C25-31EAF5BE6498}.Debug|x86.ActiveCfg = Debug|Any CPU
		{DE26DF1E-9B61-4C96-8C25-31EAF5BE6498}.Debug|x86.Build.0 = Debug|Any CPU
		{DE26DF1E-9B61-4C96-8C25-31EAF5BE6498}.Release|Any CPU.ActiveCfg = Release|Any CPU
		{DE26DF1E-9B61-4C96-8C25-31EAF5BE6498}.Release|Any CPU.Build.0 = Release|Any CPU
		{DE26DF1E-9B61-4C96-8C25-31EAF5BE6498}.Release|x64.ActiveCfg = Release|Any CPU
		{DE26DF1E-9B61-4C96-8C25-31EAF5BE6498}.Release|x64.Build.0 = Release|Any CPU
		{DE26DF1E-9B61-4C96-8C25-31EAF5BE6498}.Release|x86.ActiveCfg = Release|Any CPU
		{DE26DF1E-9B61-4C96-8C25-31EAF5BE6498}.Release|x86.Build.0 = Release|Any CPU
		{0BD7DA1F-8471-4E96-A9C7-134CE2A33A67}.Debug|Any CPU.ActiveCfg = Debug|Any CPU
		{0BD7DA1F-8471-4E96-A9C7-134CE2A33A67}.Debug|Any CPU.Build.0 = Debug|Any CPU
		{0BD7DA1F-8471-4E96-A9C7-134CE2A33A67}.Debug|x64.ActiveCfg = Debug|Any CPU
		{0BD7DA1F-8471-4E96-A9C7-134CE2A33A67}.Debug|x64.Build.0 = Debug|Any CPU
		{0BD7DA1F-8471-4E96-A9C7-134CE2A33A67}.Debug|x86.ActiveCfg = Debug|Any CPU
		{0BD7DA1F-8471-4E96-A9C7-134CE2A33A67}.Debug|x86.Build.0 = Debug|Any CPU
		{0BD7DA1F-8471-4E96-A9C7-134CE2A33A67}.Release|Any CPU.ActiveCfg = Release|Any CPU
		{0BD7DA1F-8471-4E96-A9C7-134CE2A33A67}.Release|Any CPU.Build.0 = Release|Any CPU
		{0BD7DA1F-8471-4E96-A9C7-134CE2A33A67}.Release|x64.ActiveCfg = Release|Any CPU
		{0BD7DA1F-8471-4E96-A9C7-134CE2A33A67}.Release|x64.Build.0 = Release|Any CPU
		{0BD7DA1F-8471-4E96-A9C7-134CE2A33A67}.Release|x86.ActiveCfg = Release|Any CPU
		{0BD7DA1F-8471-4E96-A9C7-134CE2A33A67}.Release|x86.Build.0 = Release|Any CPU
		{32EBC60B-5612-4AB8-8714-398EB8017AED}.Debug|Any CPU.ActiveCfg = Debug|Any CPU
		{32EBC60B-5612-4AB8-8714-398EB8017AED}.Debug|Any CPU.Build.0 = Debug|Any CPU
		{32EBC60B-5612-4AB8-8714-398EB8017AED}.Debug|x64.ActiveCfg = Debug|Any CPU
		{32EBC60B-5612-4AB8-8714-398EB8017AED}.Debug|x64.Build.0 = Debug|Any CPU
		{32EBC60B-5612-4AB8-8714-398EB8017AED}.Debug|x86.ActiveCfg = Debug|Any CPU
		{32EBC60B-5612-4AB8-8714-398EB8017AED}.Debug|x86.Build.0 = Debug|Any CPU
		{32EBC60B-5612-4AB8-8714-398EB8017AED}.Release|Any CPU.ActiveCfg = Release|Any CPU
		{32EBC60B-5612-4AB8-8714-398EB8017AED}.Release|Any CPU.Build.0 = Release|Any CPU
		{32EBC60B-5612-4AB8-8714-398EB8017AED}.Release|x64.ActiveCfg = Release|Any CPU
		{32EBC60B-5612-4AB8-8714-398EB8017AED}.Release|x64.Build.0 = Release|Any CPU
		{32EBC60B-5612-4AB8-8714-398EB8017AED}.Release|x86.ActiveCfg = Release|Any CPU
		{32EBC60B-5612-4AB8-8714-398EB8017AED}.Release|x86.Build.0 = Release|Any CPU
		{B19173A4-3F2B-4F58-B11D-4094120DCD00}.Debug|Any CPU.ActiveCfg = Debug|Any CPU
		{B19173A4-3F2B-4F58-B11D-4094120DCD00}.Debug|Any CPU.Build.0 = Debug|Any CPU
		{B19173A4-3F2B-4F58-B11D-4094120DCD00}.Debug|x64.ActiveCfg = Debug|Any CPU
		{B19173A4-3F2B-4F58-B11D-4094120DCD00}.Debug|x64.Build.0 = Debug|Any CPU
		{B19173A4-3F2B-4F58-B11D-4094120DCD00}.Debug|x86.ActiveCfg = Debug|Any CPU
		{B19173A4-3F2B-4F58-B11D-4094120DCD00}.Debug|x86.Build.0 = Debug|Any CPU
		{B19173A4-3F2B-4F58-B11D-4094120DCD00}.Release|Any CPU.ActiveCfg = Release|Any CPU
		{B19173A4-3F2B-4F58-B11D-4094120DCD00}.Release|Any CPU.Build.0 = Release|Any CPU
		{B19173A4-3F2B-4F58-B11D-4094120DCD00}.Release|x64.ActiveCfg = Release|Any CPU
		{B19173A4-3F2B-4F58-B11D-4094120DCD00}.Release|x64.Build.0 = Release|Any CPU
		{B19173A4-3F2B-4F58-B11D-4094120DCD00}.Release|x86.ActiveCfg = Release|Any CPU
		{B19173A4-3F2B-4F58-B11D-4094120DCD00}.Release|x86.Build.0 = Release|Any CPU
		{2E45BE7B-7839-4433-83CD-87C45227364D}.Debug|Any CPU.ActiveCfg = Debug|Any CPU
		{2E45BE7B-7839-4433-83CD-87C45227364D}.Debug|Any CPU.Build.0 = Debug|Any CPU
		{2E45BE7B-7839-4433-83CD-87C45227364D}.Debug|x64.ActiveCfg = Debug|Any CPU
		{2E45BE7B-7839-4433-83CD-87C45227364D}.Debug|x64.Build.0 = Debug|Any CPU
		{2E45BE7B-7839-4433-83CD-87C45227364D}.Debug|x86.ActiveCfg = Debug|Any CPU
		{2E45BE7B-7839-4433-83CD-87C45227364D}.Debug|x86.Build.0 = Debug|Any CPU
		{2E45BE7B-7839-4433-83CD-87C45227364D}.Release|Any CPU.ActiveCfg = Release|Any CPU
		{2E45BE7B-7839-4433-83CD-87C45227364D}.Release|Any CPU.Build.0 = Release|Any CPU
		{2E45BE7B-7839-4433-83CD-87C45227364D}.Release|x64.ActiveCfg = Release|Any CPU
		{2E45BE7B-7839-4433-83CD-87C45227364D}.Release|x64.Build.0 = Release|Any CPU
		{2E45BE7B-7839-4433-83CD-87C45227364D}.Release|x86.ActiveCfg = Release|Any CPU
		{2E45BE7B-7839-4433-83CD-87C45227364D}.Release|x86.Build.0 = Release|Any CPU
	EndGlobalSection
	GlobalSection(NestedProjects) = preSolution
		{0BD7DA1F-8471-4E96-A9C7-134CE2A33A67} = {9B5FBB3B-08C8-4032-BE39-559846AB4EF5}
		{32EBC60B-5612-4AB8-8714-398EB8017AED} = {9B5FBB3B-08C8-4032-BE39-559846AB4EF5}
		{B19173A4-3F2B-4F58-B11D-4094120DCD00} = {C70715D8-472F-4234-ACE4-F607B47484E1}
		{2E45BE7B-7839-4433-83CD-87C45227364D} = {C70715D8-472F-4234-ACE4-F607B47484E1}
	EndGlobalSection
EndGlobal
